
Microsoft Visual Studio Solution File, Format Version 12.00
# Visual Studio Version 17
VisualStudioVersion = 17.8.34525.116
MinimumVisualStudioVersion = 10.0.40219.1
Project("{9A19103F-16F7-4668-BE54-9A1E7A4F7556}") = "CAManager", "CAManager.csproj", "{604191D7-4688-46F6-A014-B5423CE0329F}"
EndProject
Global
	GlobalSection(SolutionConfigurationPlatforms) = preSolution
		Debug|Any CPU = Debug|Any CPU
		Release|Any CPU = Release|Any CPU
	EndGlobalSection
	GlobalSection(ProjectConfigurationPlatforms) = postSolution
		{604191D7-4688-46F6-A014-B5423CE0329F}.Debug|Any CPU.ActiveCfg = Debug|Any CPU
		{604191D7-4688-46F6-A014-B5423CE0329F}.Debug|Any CPU.Build.0 = Debug|Any CPU
		{604191D7-4688-46F6-A014-B5423CE0329F}.Release|Any CPU.ActiveCfg = Release|Any CPU
		{604191D7-4688-46F6-A014-B5423CE0329F}.Release|Any CPU.Build.0 = Release|Any CPU
	EndGlobalSection
	GlobalSection(SolutionProperties) = preSolution
		HideSolutionNode = FALSE
	EndGlobalSection
	GlobalSection(ExtensibilityGlobals) = postSolution
		SolutionGuid = {6CB39952-F0CA-494A-B740-2C4F81306818}
	EndGlobalSection
EndGlobal
